
Microsoft Visual Studio Solution File, Format Version 12.00
# Visual Studio Version 17
VisualStudioVersion = 17.4.33205.214
MinimumVisualStudioVersion = 10.0.40219.1
Project("{FAE04EC0-301F-11D3-BF4B-00C04F79EFBC}") = "isikukood", "isikukood.csproj", "{FCF32A66-1B60-4B4C-A43D-6522BCDB042D}"
EndProject
Global
	GlobalSection(SolutionConfigurationPlatforms) = preSolution
		Debug|Any CPU = Debug|Any CPU
		Release|Any CPU = Release|Any CPU
	EndGlobalSection
	GlobalSection(ProjectConfigurationPlatforms) = postSolution
		{FCF32A66-1B60-4B4C-A43D-6522BCDB042D}.Debug|Any CPU.ActiveCfg = Debug|Any CPU
		{FCF32A66-1B60-4B4C-A43D-6522BCDB042D}.Debug|Any CPU.Build.0 = Debug|Any CPU
		{FCF32A66-1B60-4B4C-A43D-6522BCDB042D}.Release|Any CPU.ActiveCfg = Release|Any CPU
		{FCF32A66-1B60-4B4C-A43D-6522BCDB042D}.Release|Any CPU.Build.0 = Release|Any CPU
	EndGlobalSection
	GlobalSection(SolutionProperties) = preSolution
		HideSolutionNode = FALSE
	EndGlobalSection
	GlobalSection(ExtensibilityGlobals) = postSolution
		SolutionGuid = {8328546B-B612-43C0-80CA-99AA1DCD19C7}
	EndGlobalSection
EndGlobal
